// !$*UTF8*$!
{
	archiveVersion = 1;
	classes = {
	};
	objectVersion = 48;
	objects = {

/* Begin PBXBuildFile section */
		84C2588320F6EBC300FAEB54 /* NetworkExtension.framework in Frameworks */ = {isa = PBXBuildFile; fileRef = 84C2588220F6EBC300FAEB54 /* NetworkExtension.framework */; };
		84E0631F20BC01D4008C835A /* MDConfig.plist in Resources */ = {isa = PBXBuildFile; fileRef = 84E0631E20BC01D4008C835A /* MDConfig.plist */; };
		84E0632920BC01D4008C835A /* libWCShadowrocketDylib.dylib in CopyFiles */ = {isa = PBXBuildFile; fileRef = 84E0632820BC01D4008C835A /* libWCShadowrocketDylib.dylib */; settings = {ATTRIBUTES = (CodeSignOnCopy, ); }; };
		84E0632E20BC01D4008C835A /* JavaScriptCore.framework in Frameworks */ = {isa = PBXBuildFile; fileRef = 84E0632D20BC01D4008C835A /* JavaScriptCore.framework */; };
		84E0633020BC01D4008C835A /* Foundation.framework in Frameworks */ = {isa = PBXBuildFile; fileRef = 84E0632F20BC01D4008C835A /* Foundation.framework */; };
		84E0633220BC01D4008C835A /* UIKit.framework in Frameworks */ = {isa = PBXBuildFile; fileRef = 84E0633120BC01D4008C835A /* UIKit.framework */; };
		84E0633720BC01D4008C835A /* WCShadowrocketDylib.mm in Sources */ = {isa = PBXBuildFile; fileRef = 84E0633620BC01D4008C835A /* WCShadowrocketDylib.mm */; };
		84E0633A20BC01D4008C835A /* MDConfigManager.h in Headers */ = {isa = PBXBuildFile; fileRef = 84E0633920BC01D4008C835A /* MDConfigManager.h */; };
		84E0633C20BC01D4008C835A /* MDConfigManager.m in Sources */ = {isa = PBXBuildFile; fileRef = 84E0633B20BC01D4008C835A /* MDConfigManager.m */; };
		84E0633E20BC01D4008C835A /* MDCycriptManager.h in Headers */ = {isa = PBXBuildFile; fileRef = 84E0633D20BC01D4008C835A /* MDCycriptManager.h */; };
		84E0634020BC01D4008C835A /* MDCycriptManager.m in Sources */ = {isa = PBXBuildFile; fileRef = 84E0633F20BC01D4008C835A /* MDCycriptManager.m */; };
		84E0634220BC01D4008C835A /* MDMethodTrace.h in Headers */ = {isa = PBXBuildFile; fileRef = 84E0634120BC01D4008C835A /* MDMethodTrace.h */; };
		84E0634420BC01D4008C835A /* MDMethodTrace.m in Sources */ = {isa = PBXBuildFile; fileRef = 84E0634320BC01D4008C835A /* MDMethodTrace.m */; };
		84E0634620BC01D4008C835A /* ANYMethodLog.h in Headers */ = {isa = PBXBuildFile; fileRef = 84E0634520BC01D4008C835A /* ANYMethodLog.h */; };
		84E0634820BC01D4008C835A /* ANYMethodLog.m in Sources */ = {isa = PBXBuildFile; fileRef = 84E0634720BC01D4008C835A /* ANYMethodLog.m */; };
		84E0634B20BC01D4008C835A /* LLDBTools.h in Headers */ = {isa = PBXBuildFile; fileRef = 84E0634A20BC01D4008C835A /* LLDBTools.h */; };
		84E0634D20BC01D4008C835A /* LLDBTools.mm in Sources */ = {isa = PBXBuildFile; fileRef = 84E0634C20BC01D4008C835A /* LLDBTools.mm */; };
		84E0635220BC01D4008C835A /* AntiAntiDebug.m in Sources */ = {isa = PBXBuildFile; fileRef = 84E0635120BC01D4008C835A /* AntiAntiDebug.m */; };
		84E0635520BC01D4008C835A /* fishhook.c in Sources */ = {isa = PBXBuildFile; fileRef = 84E0635420BC01D4008C835A /* fishhook.c */; };
		84E0635720BC01D4008C835A /* fishhook.h in Headers */ = {isa = PBXBuildFile; fileRef = 84E0635620BC01D4008C835A /* fishhook.h */; };
		84E0635920BC01D4008C835A /* WCShadowrocketDylib.h in Headers */ = {isa = PBXBuildFile; fileRef = 84E0635820BC01D4008C835A /* WCShadowrocketDylib.h */; };
		84E0635B20BC01D4008C835A /* WCShadowrocketDylib.m in Sources */ = {isa = PBXBuildFile; fileRef = 84E0635A20BC01D4008C835A /* WCShadowrocketDylib.m */; };
/* End PBXBuildFile section */

/* Begin PBXContainerItemProxy section */
		84E0632A20BC01D4008C835A /* PBXContainerItemProxy */ = {
			isa = PBXContainerItemProxy;
			containerPortal = 84E0630B20BC01D4008C835A /* Project object */;
			proxyType = 1;
			remoteGlobalIDString = 84E0632720BC01D4008C835A;
			remoteInfo = WCShadowrocketDylib;
		};
/* End PBXContainerItemProxy section */

/* Begin PBXCopyFilesBuildPhase section */
		84E0631320BC01D4008C835A /* CopyFiles */ = {
			isa = PBXCopyFilesBuildPhase;
			buildActionMask = 2147483647;
			dstPath = "";
			dstSubfolderSpec = 10;
			files = (
				84E0632920BC01D4008C835A /* libWCShadowrocketDylib.dylib in CopyFiles */,
			);
			runOnlyForDeploymentPostprocessing = 0;
		};
/* End PBXCopyFilesBuildPhase section */

/* Begin PBXFileReference section */
		84C2588220F6EBC300FAEB54 /* NetworkExtension.framework */ = {isa = PBXFileReference; lastKnownFileType = wrapper.framework; name = NetworkExtension.framework; path = System/Library/Frameworks/NetworkExtension.framework; sourceTree = SDKROOT; };
		84C2588420F6EBC300FAEB54 /* WCShadowrocket.entitlements */ = {isa = PBXFileReference; lastKnownFileType = text.plist.entitlements; path = WCShadowrocket.entitlements; sourceTree = "<group>"; };
		84E0631620BC01D4008C835A /* WCShadowrocket.app */ = {isa = PBXFileReference; explicitFileType = wrapper.application; includeInIndex = 0; path = WCShadowrocket.app; sourceTree = BUILT_PRODUCTS_DIR; };
		84E0631920BC01D4008C835A /* icon.png */ = {isa = PBXFileReference; lastKnownFileType = image.png; path = icon.png; sourceTree = "<group>"; };
		84E0631A20BC01D4008C835A /* Target.plist */ = {isa = PBXFileReference; lastKnownFileType = text.plist.xml; path = Target.plist; sourceTree = "<group>"; };
		84E0631C20BC01D4008C835A /* quick-resign.sh */ = {isa = PBXFileReference; lastKnownFileType = text.script.sh; name = "quick-resign.sh"; path = "Scripts/quick-resign.sh"; sourceTree = "<group>"; };
		84E0631E20BC01D4008C835A /* MDConfig.plist */ = {isa = PBXFileReference; lastKnownFileType = text.plist.xml; name = MDConfig.plist; path = Config/MDConfig.plist; sourceTree = "<group>"; };
		84E0632120BC01D4008C835A /* put ipa or app here */ = {isa = PBXFileReference; lastKnownFileType = text; name = "put ipa or app here"; path = "TargetApp/put ipa or app here"; sourceTree = "<group>"; };
		84E0632220BC01D4008C835A /* Info.plist */ = {isa = PBXFileReference; lastKnownFileType = text.plist.xml; path = Info.plist; sourceTree = "<group>"; };
		84E0632820BC01D4008C835A /* libWCShadowrocketDylib.dylib */ = {isa = PBXFileReference; explicitFileType = "compiled.mach-o.dylib"; includeInIndex = 0; path = libWCShadowrocketDylib.dylib; sourceTree = BUILT_PRODUCTS_DIR; };
		84E0632D20BC01D4008C835A /* JavaScriptCore.framework */ = {isa = PBXFileReference; lastKnownFileType = wrapper.framework; name = JavaScriptCore.framework; path = System/Library/Frameworks/JavaScriptCore.framework; sourceTree = SDKROOT; };
		84E0632F20BC01D4008C835A /* Foundation.framework */ = {isa = PBXFileReference; lastKnownFileType = wrapper.framework; name = Foundation.framework; path = System/Library/Frameworks/Foundation.framework; sourceTree = SDKROOT; };
		84E0633120BC01D4008C835A /* UIKit.framework */ = {isa = PBXFileReference; lastKnownFileType = wrapper.framework; name = UIKit.framework; path = System/Library/Frameworks/UIKit.framework; sourceTree = SDKROOT; };
		84E0633520BC01D4008C835A /* WCShadowrocketDylib.xm */ = {isa = PBXFileReference; lastKnownFileType = text; name = WCShadowrocketDylib.xm; path = Logos/WCShadowrocketDylib.xm; sourceTree = "<group>"; };
		84E0633620BC01D4008C835A /* WCShadowrocketDylib.mm */ = {isa = PBXFileReference; lastKnownFileType = sourcecode.cpp.objcpp; name = WCShadowrocketDylib.mm; path = Logos/WCShadowrocketDylib.mm; sourceTree = "<group>"; };
		84E0633920BC01D4008C835A /* MDConfigManager.h */ = {isa = PBXFileReference; lastKnownFileType = sourcecode.c.h; name = MDConfigManager.h; path = Config/MDConfigManager.h; sourceTree = "<group>"; };
		84E0633B20BC01D4008C835A /* MDConfigManager.m */ = {isa = PBXFileReference; lastKnownFileType = sourcecode.c.objc; name = MDConfigManager.m; path = Config/MDConfigManager.m; sourceTree = "<group>"; };
		84E0633D20BC01D4008C835A /* MDCycriptManager.h */ = {isa = PBXFileReference; lastKnownFileType = sourcecode.c.h; name = MDCycriptManager.h; path = Config/MDCycriptManager.h; sourceTree = "<group>"; };
		84E0633F20BC01D4008C835A /* MDCycriptManager.m */ = {isa = PBXFileReference; lastKnownFileType = sourcecode.c.objc; name = MDCycriptManager.m; path = Config/MDCycriptManager.m; sourceTree = "<group>"; };
		84E0634120BC01D4008C835A /* MDMethodTrace.h */ = {isa = PBXFileReference; lastKnownFileType = sourcecode.c.h; name = MDMethodTrace.h; path = Config/MDMethodTrace.h; sourceTree = "<group>"; };
		84E0634320BC01D4008C835A /* MDMethodTrace.m */ = {isa = PBXFileReference; lastKnownFileType = sourcecode.c.objc; name = MDMethodTrace.m; path = Config/MDMethodTrace.m; sourceTree = "<group>"; };
		84E0634520BC01D4008C835A /* ANYMethodLog.h */ = {isa = PBXFileReference; lastKnownFileType = sourcecode.c.h; name = ANYMethodLog.h; path = Config/ANYMethodLog.h; sourceTree = "<group>"; };
		84E0634720BC01D4008C835A /* ANYMethodLog.m */ = {isa = PBXFileReference; lastKnownFileType = sourcecode.c.objc; name = ANYMethodLog.m; path = Config/ANYMethodLog.m; sourceTree = "<group>"; };
		84E0634A20BC01D4008C835A /* LLDBTools.h */ = {isa = PBXFileReference; lastKnownFileType = sourcecode.c.h; name = LLDBTools.h; path = Tools/LLDBTools.h; sourceTree = "<group>"; };
		84E0634C20BC01D4008C835A /* LLDBTools.mm */ = {isa = PBXFileReference; lastKnownFileType = sourcecode.cpp.objcpp; name = LLDBTools.mm; path = Tools/LLDBTools.mm; sourceTree = "<group>"; };
		84E0634F20BC01D4008C835A /* WCShadowrocketDylib-Prefix.pch */ = {isa = PBXFileReference; lastKnownFileType = sourcecode.c.h; path = "WCShadowrocketDylib-Prefix.pch"; sourceTree = "<group>"; };
		84E0635120BC01D4008C835A /* AntiAntiDebug.m */ = {isa = PBXFileReference; lastKnownFileType = sourcecode.c.objc; name = AntiAntiDebug.m; path = AntiAntiDebug/AntiAntiDebug.m; sourceTree = "<group>"; };
		84E0635420BC01D4008C835A /* fishhook.c */ = {isa = PBXFileReference; lastKnownFileType = sourcecode.c.c; name = fishhook.c; path = fishhook/fishhook.c; sourceTree = "<group>"; };
		84E0635620BC01D4008C835A /* fishhook.h */ = {isa = PBXFileReference; lastKnownFileType = sourcecode.c.h; name = fishhook.h; path = fishhook/fishhook.h; sourceTree = "<group>"; };
		84E0635820BC01D4008C835A /* WCShadowrocketDylib.h */ = {isa = PBXFileReference; lastKnownFileType = sourcecode.c.h; path = WCShadowrocketDylib.h; sourceTree = "<group>"; };
		84E0635A20BC01D4008C835A /* WCShadowrocketDylib.m */ = {isa = PBXFileReference; lastKnownFileType = sourcecode.c.objc; path = WCShadowrocketDylib.m; sourceTree = "<group>"; };
/* End PBXFileReference section */

/* Begin PBXFrameworksBuildPhase section */
		84E0631020BC01D4008C835A /* Frameworks */ = {
			isa = PBXFrameworksBuildPhase;
			buildActionMask = 2147483647;
			files = (
				84C2588320F6EBC300FAEB54 /* NetworkExtension.framework in Frameworks */,
			);
			runOnlyForDeploymentPostprocessing = 0;
		};
		84E0632520BC01D4008C835A /* Frameworks */ = {
			isa = PBXFrameworksBuildPhase;
			buildActionMask = 2147483647;
			files = (
				84E0632E20BC01D4008C835A /* JavaScriptCore.framework in Frameworks */,
				84E0633220BC01D4008C835A /* UIKit.framework in Frameworks */,
				84E0633020BC01D4008C835A /* Foundation.framework in Frameworks */,
			);
			runOnlyForDeploymentPostprocessing = 0;
		};
/* End PBXFrameworksBuildPhase section */

/* Begin PBXGroup section */
		84E0630A20BC01D4008C835A = {
			isa = PBXGroup;
			children = (
				84E0631820BC01D4008C835A /* WCShadowrocket */,
				84E0633320BC01D4008C835A /* WCShadowrocketDylib */,
				84E0632C20BC01D4008C835A /* Frameworks */,
				84E0631720BC01D4008C835A /* Products */,
			);
			sourceTree = "<group>";
		};
		84E0631720BC01D4008C835A /* Products */ = {
			isa = PBXGroup;
			children = (
				84E0631620BC01D4008C835A /* WCShadowrocket.app */,
				84E0632820BC01D4008C835A /* libWCShadowrocketDylib.dylib */,
			);
			name = Products;
			sourceTree = "<group>";
		};
		84E0631820BC01D4008C835A /* WCShadowrocket */ = {
			isa = PBXGroup;
			children = (
				84C2588420F6EBC300FAEB54 /* WCShadowrocket.entitlements */,
				84E0631920BC01D4008C835A /* icon.png */,
				84E0631A20BC01D4008C835A /* Target.plist */,
				84E0632220BC01D4008C835A /* Info.plist */,
				84E0631B20BC01D4008C835A /* Scripts */,
				84E0631D20BC01D4008C835A /* Config */,
				84E0632020BC01D4008C835A /* TargetApp */,
			);
			path = WCShadowrocket;
			sourceTree = "<group>";
		};
		84E0631B20BC01D4008C835A /* Scripts */ = {
			isa = PBXGroup;
			children = (
				84E0631C20BC01D4008C835A /* quick-resign.sh */,
			);
			name = Scripts;
			sourceTree = "<group>";
		};
		84E0631D20BC01D4008C835A /* Config */ = {
			isa = PBXGroup;
			children = (
				84E0631E20BC01D4008C835A /* MDConfig.plist */,
			);
			name = Config;
			sourceTree = "<group>";
		};
		84E0632020BC01D4008C835A /* TargetApp */ = {
			isa = PBXGroup;
			children = (
				84E0632120BC01D4008C835A /* put ipa or app here */,
			);
			name = TargetApp;
			sourceTree = "<group>";
		};
		84E0632C20BC01D4008C835A /* Frameworks */ = {
			isa = PBXGroup;
			children = (
				84C2588220F6EBC300FAEB54 /* NetworkExtension.framework */,
				84E0632D20BC01D4008C835A /* JavaScriptCore.framework */,
				84E0632F20BC01D4008C835A /* Foundation.framework */,
				84E0633120BC01D4008C835A /* UIKit.framework */,
			);
			name = Frameworks;
			sourceTree = "<group>";
		};
		84E0633320BC01D4008C835A /* WCShadowrocketDylib */ = {
			isa = PBXGroup;
			children = (
				84E0635820BC01D4008C835A /* WCShadowrocketDylib.h */,
				84E0635A20BC01D4008C835A /* WCShadowrocketDylib.m */,
				84E0633420BC01D4008C835A /* Logos */,
				84E0633820BC01D4008C835A /* Config */,
				84E0634920BC01D4008C835A /* Tools */,
				84E0635020BC01D4008C835A /* AntiAntiDebug */,
				84E0635320BC01D4008C835A /* fishhook */,
				84E0634E20BC01D4008C835A /* Supporting Files */,
			);
			path = WCShadowrocketDylib;
			sourceTree = "<group>";
		};
		84E0633420BC01D4008C835A /* Logos */ = {
			isa = PBXGroup;
			children = (
				84E0633520BC01D4008C835A /* WCShadowrocketDylib.xm */,
				84E0633620BC01D4008C835A /* WCShadowrocketDylib.mm */,
			);
			name = Logos;
			sourceTree = "<group>";
		};
		84E0633820BC01D4008C835A /* Config */ = {
			isa = PBXGroup;
			children = (
				84E0633920BC01D4008C835A /* MDConfigManager.h */,
				84E0633B20BC01D4008C835A /* MDConfigManager.m */,
				84E0633D20BC01D4008C835A /* MDCycriptManager.h */,
				84E0633F20BC01D4008C835A /* MDCycriptManager.m */,
				84E0634120BC01D4008C835A /* MDMethodTrace.h */,
				84E0634320BC01D4008C835A /* MDMethodTrace.m */,
				84E0634520BC01D4008C835A /* ANYMethodLog.h */,
				84E0634720BC01D4008C835A /* ANYMethodLog.m */,
			);
			name = Config;
			sourceTree = "<group>";
		};
		84E0634920BC01D4008C835A /* Tools */ = {
			isa = PBXGroup;
			children = (
				84E0634A20BC01D4008C835A /* LLDBTools.h */,
				84E0634C20BC01D4008C835A /* LLDBTools.mm */,
			);
			name = Tools;
			sourceTree = "<group>";
		};
		84E0634E20BC01D4008C835A /* Supporting Files */ = {
			isa = PBXGroup;
			children = (
				84E0634F20BC01D4008C835A /* WCShadowrocketDylib-Prefix.pch */,
			);
			name = "Supporting Files";
			sourceTree = "<group>";
		};
		84E0635020BC01D4008C835A /* AntiAntiDebug */ = {
			isa = PBXGroup;
			children = (
				84E0635120BC01D4008C835A /* AntiAntiDebug.m */,
			);
			name = AntiAntiDebug;
			sourceTree = "<group>";
		};
		84E0635320BC01D4008C835A /* fishhook */ = {
			isa = PBXGroup;
			children = (
				84E0635420BC01D4008C835A /* fishhook.c */,
				84E0635620BC01D4008C835A /* fishhook.h */,
			);
			name = fishhook;
			sourceTree = "<group>";
		};
/* End PBXGroup section */

/* Begin PBXHeadersBuildPhase section */
		84E0632620BC01D4008C835A /* Headers */ = {
			isa = PBXHeadersBuildPhase;
			buildActionMask = 2147483647;
			files = (
				84E0633E20BC01D4008C835A /* MDCycriptManager.h in Headers */,
				84E0635920BC01D4008C835A /* WCShadowrocketDylib.h in Headers */,
				84E0634220BC01D4008C835A /* MDMethodTrace.h in Headers */,
				84E0634B20BC01D4008C835A /* LLDBTools.h in Headers */,
				84E0633A20BC01D4008C835A /* MDConfigManager.h in Headers */,
				84E0634620BC01D4008C835A /* ANYMethodLog.h in Headers */,
				84E0635720BC01D4008C835A /* fishhook.h in Headers */,
			);
			runOnlyForDeploymentPostprocessing = 0;
		};
/* End PBXHeadersBuildPhase section */

/* Begin PBXNativeTarget section */
		84E0631520BC01D4008C835A /* WCShadowrocket */ = {
			isa = PBXNativeTarget;
			buildConfigurationList = 84E0636120BC01D4008C835A /* Build configuration list for PBXNativeTarget "WCShadowrocket" */;
			buildPhases = (
				84E0630F20BC01D4008C835A /* Sources */,
				84E0631020BC01D4008C835A /* Frameworks */,
				84E0631120BC01D4008C835A /* ShellScript */,
				84E0631220BC01D4008C835A /* Resources */,
				84E0631320BC01D4008C835A /* CopyFiles */,
				84E0631420BC01D4008C835A /* ShellScript */,
			);
			buildRules = (
			);
			dependencies = (
				84E0632B20BC01D4008C835A /* PBXTargetDependency */,
			);
			name = WCShadowrocket;
			productName = WCShadowrocket;
			productReference = 84E0631620BC01D4008C835A /* WCShadowrocket.app */;
			productType = "com.apple.product-type.application";
		};
		84E0632720BC01D4008C835A /* WCShadowrocketDylib */ = {
			isa = PBXNativeTarget;
			buildConfigurationList = 84E0635E20BC01D4008C835A /* Build configuration list for PBXNativeTarget "WCShadowrocketDylib" */;
			buildPhases = (
				84E0632320BC01D4008C835A /* ShellScript */,
				84E0632420BC01D4008C835A /* Sources */,
				84E0632520BC01D4008C835A /* Frameworks */,
				84E0632620BC01D4008C835A /* Headers */,
			);
			buildRules = (
			);
			dependencies = (
			);
			name = WCShadowrocketDylib;
			productName = WCShadowrocketDylib;
			productReference = 84E0632820BC01D4008C835A /* libWCShadowrocketDylib.dylib */;
			productType = "com.apple.product-type.library.dynamic";
		};
/* End PBXNativeTarget section */

/* Begin PBXProject section */
		84E0630B20BC01D4008C835A /* Project object */ = {
			isa = PBXProject;
			attributes = {
				LastUpgradeCheck = 0920;
				ORGANIZATIONNAME = guanweicheng;
				TargetAttributes = {
					84E0631520BC01D4008C835A = {
						CreatedOnToolsVersion = 9.2;
						ProvisioningStyle = Automatic;
						SystemCapabilities = {
							com.apple.NetworkExtensions.iOS = {
								enabled = 1;
							};
							com.apple.VPNLite = {
								enabled = 1;
							};
						};
					};
					84E0632720BC01D4008C835A = {
						CreatedOnToolsVersion = 9.2;
						ProvisioningStyle = Automatic;
					};
				};
			};
			buildConfigurationList = 84E0630E20BC01D4008C835A /* Build configuration list for PBXProject "WCShadowrocket" */;
			compatibilityVersion = "Xcode 8.0";
			developmentRegion = en;
			hasScannedForEncodings = 0;
			knownRegions = (
				en,
			);
			mainGroup = 84E0630A20BC01D4008C835A;
			productRefGroup = 84E0631720BC01D4008C835A /* Products */;
			projectDirPath = "";
			projectRoot = "";
			targets = (
				84E0631520BC01D4008C835A /* WCShadowrocket */,
				84E0632720BC01D4008C835A /* WCShadowrocketDylib */,
			);
		};
/* End PBXProject section */

/* Begin PBXResourcesBuildPhase section */
		84E0631220BC01D4008C835A /* Resources */ = {
			isa = PBXResourcesBuildPhase;
			buildActionMask = 2147483647;
			files = (
				84E0631F20BC01D4008C835A /* MDConfig.plist in Resources */,
			);
			runOnlyForDeploymentPostprocessing = 0;
		};
/* End PBXResourcesBuildPhase section */

/* Begin PBXShellScriptBuildPhase section */
		84E0631120BC01D4008C835A /* ShellScript */ = {
			isa = PBXShellScriptBuildPhase;
			buildActionMask = 2147483647;
			files = (
			);
			inputPaths = (
			);
			outputPaths = (
			);
			runOnlyForDeploymentPostprocessing = 0;
			shellPath = /bin/sh;
			shellScript = /opt/MonkeyDev/Tools/pack.sh;
		};
		84E0631420BC01D4008C835A /* ShellScript */ = {
			isa = PBXShellScriptBuildPhase;
			buildActionMask = 2147483647;
			files = (
			);
			inputPaths = (
			);
			outputPaths = (
			);
			runOnlyForDeploymentPostprocessing = 0;
			shellPath = /bin/sh;
			shellScript = "/opt/MonkeyDev/Tools/pack.sh codesign";
		};
		84E0632320BC01D4008C835A /* ShellScript */ = {
			isa = PBXShellScriptBuildPhase;
			buildActionMask = 2147483647;
			files = (
			);
			inputPaths = (
			);
			outputPaths = (
			);
			runOnlyForDeploymentPostprocessing = 0;
			shellPath = /bin/sh;
			shellScript = "/opt/MonkeyDev/bin/md --xcbp-logos";
		};
/* End PBXShellScriptBuildPhase section */

/* Begin PBXSourcesBuildPhase section */
		84E0630F20BC01D4008C835A /* Sources */ = {
			isa = PBXSourcesBuildPhase;
			buildActionMask = 2147483647;
			files = (
			);
			runOnlyForDeploymentPostprocessing = 0;
		};
		84E0632420BC01D4008C835A /* Sources */ = {
			isa = PBXSourcesBuildPhase;
			buildActionMask = 2147483647;
			files = (
				84E0634020BC01D4008C835A /* MDCycriptManager.m in Sources */,
				84E0634820BC01D4008C835A /* ANYMethodLog.m in Sources */,
				84E0633C20BC01D4008C835A /* MDConfigManager.m in Sources */,
				84E0634D20BC01D4008C835A /* LLDBTools.mm in Sources */,
				84E0633720BC01D4008C835A /* WCShadowrocketDylib.mm in Sources */,
				84E0634420BC01D4008C835A /* MDMethodTrace.m in Sources */,
				84E0635520BC01D4008C835A /* fishhook.c in Sources */,
				84E0635220BC01D4008C835A /* AntiAntiDebug.m in Sources */,
				84E0635B20BC01D4008C835A /* WCShadowrocketDylib.m in Sources */,
			);
			runOnlyForDeploymentPostprocessing = 0;
		};
/* End PBXSourcesBuildPhase section */

/* Begin PBXTargetDependency section */
		84E0632B20BC01D4008C835A /* PBXTargetDependency */ = {
			isa = PBXTargetDependency;
			target = 84E0632720BC01D4008C835A /* WCShadowrocketDylib */;
			targetProxy = 84E0632A20BC01D4008C835A /* PBXContainerItemProxy */;
		};
/* End PBXTargetDependency section */

/* Begin XCBuildConfiguration section */
		84E0635C20BC01D4008C835A /* Debug */ = {
			isa = XCBuildConfiguration;
			buildSettings = {
				ALWAYS_SEARCH_USER_PATHS = NO;
				CLANG_ANALYZER_NONNULL = YES;
				CLANG_ANALYZER_NUMBER_OBJECT_CONVERSION = YES_AGGRESSIVE;
				CLANG_CXX_LANGUAGE_STANDARD = "gnu++14";
				CLANG_CXX_LIBRARY = "libc++";
				CLANG_ENABLE_MODULES = YES;
				CLANG_ENABLE_OBJC_ARC = YES;
				CLANG_WARN_BLOCK_CAPTURE_AUTORELEASING = YES;
				CLANG_WARN_BOOL_CONVERSION = YES;
				CLANG_WARN_COMMA = YES;
				CLANG_WARN_CONSTANT_CONVERSION = YES;
				CLANG_WARN_DIRECT_OBJC_ISA_USAGE = YES_ERROR;
				CLANG_WARN_DOCUMENTATION_COMMENTS = YES;
				CLANG_WARN_EMPTY_BODY = YES;
				CLANG_WARN_ENUM_CONVERSION = YES;
				CLANG_WARN_INFINITE_RECURSION = YES;
				CLANG_WARN_INT_CONVERSION = YES;
				CLANG_WARN_NON_LITERAL_NULL_CONVERSION = YES;
				CLANG_WARN_OBJC_LITERAL_CONVERSION = YES;
				CLANG_WARN_OBJC_ROOT_CLASS = YES_ERROR;
				CLANG_WARN_RANGE_LOOP_ANALYSIS = YES;
				CLANG_WARN_STRICT_PROTOTYPES = YES;
				CLANG_WARN_SUSPICIOUS_MOVE = YES;
				CLANG_WARN_UNGUARDED_AVAILABILITY = YES_AGGRESSIVE;
				CLANG_WARN_UNREACHABLE_CODE = YES;
				CLANG_WARN__DUPLICATE_METHOD_MATCH = YES;
				CODE_SIGN_IDENTITY = "iPhone Developer";
				COPY_PHASE_STRIP = NO;
				DEBUG_INFORMATION_FORMAT = dwarf;
				ENABLE_STRICT_OBJC_MSGSEND = YES;
				ENABLE_TESTABILITY = YES;
				GCC_C_LANGUAGE_STANDARD = gnu11;
				GCC_DYNAMIC_NO_PIC = NO;
				GCC_NO_COMMON_BLOCKS = YES;
				GCC_OPTIMIZATION_LEVEL = 0;
				GCC_PREPROCESSOR_DEFINITIONS = (
					"DEBUG=1",
					"$(inherited)",
				);
				GCC_WARN_64_TO_32_BIT_CONVERSION = YES;
				GCC_WARN_ABOUT_RETURN_TYPE = YES_ERROR;
				GCC_WARN_UNDECLARED_SELECTOR = YES;
				GCC_WARN_UNINITIALIZED_AUTOS = YES_AGGRESSIVE;
				GCC_WARN_UNUSED_FUNCTION = YES;
				GCC_WARN_UNUSED_VARIABLE = YES;
				IPHONEOS_DEPLOYMENT_TARGET = 8.0;
				MTL_ENABLE_DEBUG_INFO = YES;
				ONLY_ACTIVE_ARCH = YES;
				SDKROOT = iphoneos;
			};
			name = Debug;
		};
		84E0635D20BC01D4008C835A /* Release */ = {
			isa = XCBuildConfiguration;
			buildSettings = {
				ALWAYS_SEARCH_USER_PATHS = NO;
				CLANG_ANALYZER_NONNULL = YES;
				CLANG_ANALYZER_NUMBER_OBJECT_CONVERSION = YES_AGGRESSIVE;
				CLANG_CXX_LANGUAGE_STANDARD = "gnu++14";
				CLANG_CXX_LIBRARY = "libc++";
				CLANG_ENABLE_MODULES = YES;
				CLANG_ENABLE_OBJC_ARC = YES;
				CLANG_WARN_BLOCK_CAPTURE_AUTORELEASING = YES;
				CLANG_WARN_BOOL_CONVERSION = YES;
				CLANG_WARN_COMMA = YES;
				CLANG_WARN_CONSTANT_CONVERSION = YES;
				CLANG_WARN_DIRECT_OBJC_ISA_USAGE = YES_ERROR;
				CLANG_WARN_DOCUMENTATION_COMMENTS = YES;
				CLANG_WARN_EMPTY_BODY = YES;
				CLANG_WARN_ENUM_CONVERSION = YES;
				CLANG_WARN_INFINITE_RECURSION = YES;
				CLANG_WARN_INT_CONVERSION = YES;
				CLANG_WARN_NON_LITERAL_NULL_CONVERSION = YES;
				CLANG_WARN_OBJC_LITERAL_CONVERSION = YES;
				CLANG_WARN_OBJC_ROOT_CLASS = YES_ERROR;
				CLANG_WARN_RANGE_LOOP_ANALYSIS = YES;
				CLANG_WARN_STRICT_PROTOTYPES = YES;
				CLANG_WARN_SUSPICIOUS_MOVE = YES;
				CLANG_WARN_UNGUARDED_AVAILABILITY = YES_AGGRESSIVE;
				CLANG_WARN_UNREACHABLE_CODE = YES;
				CLANG_WARN__DUPLICATE_METHOD_MATCH = YES;
				CODE_SIGN_IDENTITY = "iPhone Developer";
				COPY_PHASE_STRIP = NO;
				DEBUG_INFORMATION_FORMAT = "dwarf-with-dsym";
				ENABLE_NS_ASSERTIONS = NO;
				ENABLE_STRICT_OBJC_MSGSEND = YES;
				GCC_C_LANGUAGE_STANDARD = gnu11;
				GCC_NO_COMMON_BLOCKS = YES;
				GCC_WARN_64_TO_32_BIT_CONVERSION = YES;
				GCC_WARN_ABOUT_RETURN_TYPE = YES_ERROR;
				GCC_WARN_UNDECLARED_SELECTOR = YES;
				GCC_WARN_UNINITIALIZED_AUTOS = YES_AGGRESSIVE;
				GCC_WARN_UNUSED_FUNCTION = YES;
				GCC_WARN_UNUSED_VARIABLE = YES;
				IPHONEOS_DEPLOYMENT_TARGET = 8.0;
				MTL_ENABLE_DEBUG_INFO = NO;
				SDKROOT = iphoneos;
				VALIDATE_PRODUCT = YES;
			};
			name = Release;
		};
		84E0635F20BC01D4008C835A /* Debug */ = {
			isa = XCBuildConfiguration;
			buildSettings = {
				CODE_SIGN_STYLE = Automatic;
				DEVELOPMENT_TEAM = 296BA8G9JQ;
				DYLIB_COMPATIBILITY_VERSION = 1;
				DYLIB_CURRENT_VERSION = 1;
				ENABLE_BITCODE = NO;
				EXCLUDED_RECURSIVE_SEARCH_PATH_SUBDIRECTORIES = "*.nib *.lproj *.gch (*) .DS_Store CVS .svn .git .hg *.xcodeproj *.xcode *.pbproj *.pbxproj";
				EXECUTABLE_PREFIX = lib;
				FRAMEWORK_SEARCH_PATHS = (
					"$(inherited)",
					"$(MonkeyDevPath)/Frameworks/**",
					"$(MonkeyDevPath)/Librarys/**",
					"$(MonkeyDevTheosPath)/vendor/lib",
				);
				GCC_C_LANGUAGE_STANDARD = gnu99;
				GCC_PRECOMPILE_PREFIX_HEADER = YES;
				GCC_PREFIX_HEADER = "WCShadowrocketDylib/WCShadowrocketDylib-Prefix.pch";
				GCC_SYMBOLS_PRIVATE_EXTERN = NO;
				GCC_WARN_ABOUT_MISSING_PROTOTYPES = YES;
				GCC_WARN_ABOUT_RETURN_TYPE = YES;
				HEADER_SEARCH_PATHS = (
					"$(inherited)",
					"$(MonkeyDevPath)/include",
					"$(MonkeyDevTheosPath)/vendor/include/**",
				);
				INSTALL_PATH = "@executable_path/Frameworks/libWCShadowrocketDylib.dylib";
				LD_RUNPATH_SEARCH_PATHS = "$(inherited) @executable_path/Frameworks";
				LIBRARY_SEARCH_PATHS = (
					"$(inherited)",
					"$(MonkeyDevPath)/Frameworks",
					"$(MonkeyDevTheosPath)/vendor/lib/**",
				);
				MonkeyDevPath = /opt/MonkeyDev;
				MonkeyDevTheosPath = /opt/theos;
				OTHER_CFLAGS = (
					"$(inherited)",
					"-DTHEOS_INSTANCE_NAME=\"\\\"WCShadowrocketDylib\\\"\"",
				);
				OTHER_LDFLAGS = (
					"$(inherited)",
					"-weak_library",
					"/usr/lib/libc++.dylib",
					"-weak_library",
					"/usr/lib/libstdc++.dylib",
					"-weak_library",
					"$(MonkeyDevPath)/Frameworks/libsubstrate.dylib",
					"-lcycript",
					"-framework",
					RevealServer,
				);
				PRODUCT_NAME = "$(TARGET_NAME)";
				TARGETED_DEVICE_FAMILY = "1,2";
				VALIDATE_PRODUCT = NO;
			};
			name = Debug;
		};
		84E0636020BC01D4008C835A /* Release */ = {
			isa = XCBuildConfiguration;
			buildSettings = {
				CODE_SIGN_STYLE = Automatic;
				COPY_PHASE_STRIP = YES;
				DEVELOPMENT_TEAM = 296BA8G9JQ;
				DYLIB_COMPATIBILITY_VERSION = 1;
				DYLIB_CURRENT_VERSION = 1;
				ENABLE_BITCODE = NO;
				EXCLUDED_RECURSIVE_SEARCH_PATH_SUBDIRECTORIES = "*.nib *.lproj *.gch (*) .DS_Store CVS .svn .git .hg *.xcodeproj *.xcode *.pbproj *.pbxproj";
				EXECUTABLE_PREFIX = lib;
				FRAMEWORK_SEARCH_PATHS = (
					"$(inherited)",
					"$(MonkeyDevPath)/Frameworks/**",
					"$(MonkeyDevPath)/Librarys/**",
					"$(MonkeyDevTheosPath)/vendor/lib",
				);
				GCC_C_LANGUAGE_STANDARD = gnu99;
				GCC_PRECOMPILE_PREFIX_HEADER = YES;
				GCC_PREFIX_HEADER = "WCShadowrocketDylib/WCShadowrocketDylib-Prefix.pch";
				GCC_WARN_ABOUT_MISSING_PROTOTYPES = YES;
				GCC_WARN_ABOUT_RETURN_TYPE = YES;
				HEADER_SEARCH_PATHS = (
					"$(inherited)",
					"$(MonkeyDevPath)/include",
					"$(MonkeyDevTheosPath)/vendor/include/**",
				);
				INSTALL_PATH = "@executable_path/Frameworks/libWCShadowrocketDylib.dylib";
				LD_RUNPATH_SEARCH_PATHS = "$(inherited) @executable_path/Frameworks";
				LIBRARY_SEARCH_PATHS = (
					"$(inherited)",
					"$(MonkeyDevPath)/Frameworks",
					"$(MonkeyDevTheosPath)/vendor/lib/**",
				);
				MonkeyDevPath = /opt/MonkeyDev;
				MonkeyDevTheosPath = /opt/theos;
				OTHER_CFLAGS = (
					"$(inherited)",
					"-DTHEOS_INSTANCE_NAME=\"\\\"WCShadowrocketDylib\\\"\"",
				);
				OTHER_LDFLAGS = (
					"$(inherited)",
					"-weak_library",
					"/usr/lib/libc++.dylib",
					"-weak_library",
					"/usr/lib/libstdc++.dylib",
					"-weak_library",
					"$(MonkeyDevPath)/Frameworks/libsubstrate.dylib",
				);
				PRODUCT_NAME = "$(TARGET_NAME)";
				TARGETED_DEVICE_FAMILY = "1,2";
			};
			name = Release;
		};
		84E0636220BC01D4008C835A /* Debug */ = {
			isa = XCBuildConfiguration;
			buildSettings = {
				CODE_SIGN_ENTITLEMENTS = WCShadowrocket/WCShadowrocket.entitlements;
				CODE_SIGN_STYLE = Automatic;
				DEVELOPMENT_TEAM = 296BA8G9JQ;
				ENABLE_BITCODE = NO;
				INFOPLIST_FILE = WCShadowrocket/Info.plist;
				MONKEYDEV_ADD_SUBSTRATE = YES;
				MONKEYDEV_CLASS_DUMP = NO;
				MONKEYDEV_INSERT_DYLIB = YES;
				MONKEYDEV_RESTORE_SYMBOL = NO;
				MONKEYDEV_TARGET_APP = Optional;
				PODS_CONFIGURATION_BUILD_DIR = "$BUILD_DIR/$(CONFIGURATION)$(EFFECTIVE_PLATFORM_NAME)";
				PODS_ROOT = "${SRCROOT}/Pods";
				PRODUCT_BUNDLE_IDENTIFIER = com.obizsoft.WCShadowrocket2;
				PRODUCT_NAME = "$(TARGET_NAME)";
				TARGETED_DEVICE_FAMILY = "1,2";
			};
			name = Debug;
		};
		84E0636320BC01D4008C835A /* Release */ = {
			isa = XCBuildConfiguration;
			buildSettings = {
				CODE_SIGN_ENTITLEMENTS = WCShadowrocket/WCShadowrocket.entitlements;
				CODE_SIGN_STYLE = Automatic;
				DEVELOPMENT_TEAM = 296BA8G9JQ;
				ENABLE_BITCODE = NO;
				INFOPLIST_FILE = WCShadowrocket/Info.plist;
				MONKEYDEV_ADD_SUBSTRATE = YES;
				MONKEYDEV_CLASS_DUMP = NO;
				MONKEYDEV_INSERT_DYLIB = YES;
				MONKEYDEV_RESTORE_SYMBOL = NO;
				MONKEYDEV_TARGET_APP = Optional;
				PODS_CONFIGURATION_BUILD_DIR = "$BUILD_DIR/$(CONFIGURATION)$(EFFECTIVE_PLATFORM_NAME)";
				PODS_ROOT = "${SRCROOT}/Pods";
				PRODUCT_BUNDLE_IDENTIFIER = com.obizsoft.WCShadowrocket2;
				PRODUCT_NAME = "$(TARGET_NAME)";
				TARGETED_DEVICE_FAMILY = "1,2";
			};
			name = Release;
		};
/* End XCBuildConfiguration section */

/* Begin XCConfigurationList section */
		84E0630E20BC01D4008C835A /* Build configuration list for PBXProject "WCShadowrocket" */ = {
			isa = XCConfigurationList;
			buildConfigurations = (
				84E0635C20BC01D4008C835A /* Debug */,
				84E0635D20BC01D4008C835A /* Release */,
			);
			defaultConfigurationIsVisible = 0;
			defaultConfigurationName = Release;
		};
		84E0635E20BC01D4008C835A /* Build configuration list for PBXNativeTarget "WCShadowrocketDylib" */ = {
			isa = XCConfigurationList;
			buildConfigurations = (
				84E0635F20BC01D4008C835A /* Debug */,
				84E0636020BC01D4008C835A /* Release */,
			);
			defaultConfigurationIsVisible = 0;
			defaultConfigurationName = Release;
		};
		84E0636120BC01D4008C835A /* Build configuration list for PBXNativeTarget "WCShadowrocket" */ = {
			isa = XCConfigurationList;
			buildConfigurations = (
				84E0636220BC01D4008C835A /* Debug */,
				84E0636320BC01D4008C835A /* Release */,
			);
			defaultConfigurationIsVisible = 0;
			defaultConfigurationName = Release;
		};
/* End XCConfigurationList section */
	};
	rootObject = 84E0630B20BC01D4008C835A /* Project object */;
}
